
Microsoft Visual Studio Solution File, Format Version 12.00
Project("{2150E333-8FDC-42A3-9474-1A3956D46DE8}") = "Services", "Services", "{F360331A-1732-49F7-86F7-CE4571E2766E}"
EndProject
Project("{2150E333-8FDC-42A3-9474-1A3956D46DE8}") = "Gateways", "Gateways", "{F023E449-F519-4BE1-AAB1-D0BF39DE43AB}"
EndProject
Project("{2150E333-8FDC-42A3-9474-1A3956D46DE8}") = "Person", "Person", "{4E67E729-6FE7-422B-8976-81E0EE571A23}"
EndProject
Project("{2150E333-8FDC-42A3-9474-1A3956D46DE8}") = "Contact", "Contact", "{DD5CD7A8-E7C7-4C54-AA9A-DB8B11A004F4}"
EndProject
Project("{2150E333-8FDC-42A3-9474-1A3956D46DE8}") = "Company", "Company", "{ED53C001-D8D3-413E-8507-BDB5BEFFADAE}"
EndProject
Project("{FAE04EC0-301F-11D3-BF4B-00C04F79EFBC}") = "Person.Domain", "Services\Person\Person.Domain\Person.Domain.csproj", "{BB52846E-D71A-413A-9C75-D81DF5A95CB3}"
EndProject
Project("{FAE04EC0-301F-11D3-BF4B-00C04F79EFBC}") = "Contact.Domain", "Services\Contact\Contact.Domain\Contact.Domain.csproj", "{4D3FD046-84CE-43D0-8D60-49C3EB084919}"
EndProject
Project("{FAE04EC0-301F-11D3-BF4B-00C04F79EFBC}") = "Company.Domain", "Services\Company\Company.Domain\Company.Domain.csproj", "{4FFB2462-B808-4791-93BE-0F6CA474AF47}"
EndProject
Project("{FAE04EC0-301F-11D3-BF4B-00C04F79EFBC}") = "PhoneDirectory.Shared", "PhoneDirectory.Shared\PhoneDirectory.Shared.csproj", "{A2CC2C52-DB0E-42B7-A773-58026F2636BD}"
EndProject
Project("{FAE04EC0-301F-11D3-BF4B-00C04F79EFBC}") = "Company.Infrastructure", "Services\Company\Company.Infrastructure\Company.Infrastructure.csproj", "{30C54DB8-F4C2-4458-8D85-CFFECD91E47E}"
EndProject
Project("{FAE04EC0-301F-11D3-BF4B-00C04F79EFBC}") = "Contact.Infrastructure", "Services\Contact\Contact.Infrastructure\Contact.Infrastructure.csproj", "{775BCCA5-3ED4-445D-8D6E-3F6057014D6C}"
EndProject
Project("{FAE04EC0-301F-11D3-BF4B-00C04F79EFBC}") = "Person.Infrastructure", "Services\Person\Person.Infrastructure\Person.Infrastructure.csproj", "{CC58F088-EDED-435F-85E5-E09DD5B8DF48}"
EndProject
Project("{FAE04EC0-301F-11D3-BF4B-00C04F79EFBC}") = "PhoneDirectory.EntityFramework", "PhoneDirectory.EntityFramework\PhoneDirectory.EntityFramework.csproj", "{61E7FF53-765C-47B8-9A72-54D6935E585C}"
EndProject
Project("{FAE04EC0-301F-11D3-BF4B-00C04F79EFBC}") = "Contact.Application", "Services\Contact\Contact.Application\Contact.Application.csproj", "{3D0C95EB-18C1-40DA-AE5F-F40041CBE76F}"
EndProject
Project("{FAE04EC0-301F-11D3-BF4B-00C04F79EFBC}") = "Person.Application", "Services\Person\Person.Application\Person.Application.csproj", "{03C60626-AE0A-46B3-8B73-104A6EB34A4E}"
EndProject
Project("{FAE04EC0-301F-11D3-BF4B-00C04F79EFBC}") = "Company.Application", "Services\Company\Company.Application\Company.Application.csproj", "{96A7A497-4221-4D56-B913-4306814E1679}"
EndProject
Project("{2150E333-8FDC-42A3-9474-1A3956D46DE8}") = "Report", "Report", "{1DEDF1C8-2C87-479A-92B0-030C1F16ACA4}"
EndProject
Project("{FAE04EC0-301F-11D3-BF4B-00C04F79EFBC}") = "Report.Domain", "Services\Report\Report.Domain\Report.Domain.csproj", "{DF98E797-A79A-4654-A720-B48913C344E3}"
EndProject
Project("{FAE04EC0-301F-11D3-BF4B-00C04F79EFBC}") = "Report.Application", "Services\Report\Report.Application\Report.Application.csproj", "{0AD8A26E-2D66-4842-9E28-B291BB049224}"
EndProject
Project("{FAE04EC0-301F-11D3-BF4B-00C04F79EFBC}") = "Report.Infrastructure", "Services\Report\Report.Infrastructure\Report.Infrastructure.csproj", "{64A94D13-20F0-4C3C-A55D-58BDFC3A0C41}"
EndProject
Project("{FAE04EC0-301F-11D3-BF4B-00C04F79EFBC}") = "Company.API", "Services\Company\Company.API\Company.API.csproj", "{563127A1-D66D-4C5E-87ED-7FBD764D00A5}"
EndProject
Project("{FAE04EC0-301F-11D3-BF4B-00C04F79EFBC}") = "Person.API", "Services\Person\Person.API\Person.API.csproj", "{A8CB3B45-83A3-4650-999B-954A007B2834}"
EndProject
Project("{FAE04EC0-301F-11D3-BF4B-00C04F79EFBC}") = "Contact.API", "Services\Contact\Contact.API\Contact.API.csproj", "{B2203BFD-519F-44CB-A6ED-5850C76DA095}"
EndProject
Project("{FAE04EC0-301F-11D3-BF4B-00C04F79EFBC}") = "Report.API", "Services\Report\Report.API\Report.API.csproj", "{2B26223D-5B7A-4954-91DF-B5188B7D66CD}"
EndProject
Project("{FAE04EC0-301F-11D3-BF4B-00C04F79EFBC}") = "APIGateway", "Gateways\APIGateway\APIGateway.csproj", "{91A07804-494E-4B81-870E-2F9426E2458D}"
EndProject
Project("{FAE04EC0-301F-11D3-BF4B-00C04F79EFBC}") = "Report.Shared", "Services\Report\Report.Shared\Report.Shared.csproj", "{51FE7B65-5BDA-4517-B315-7BF38FEB1661}"
EndProject
Project("{FAE04EC0-301F-11D3-BF4B-00C04F79EFBC}") = "Contact.Shared", "Services\Contact\Contact.Shared\Contact.Shared.csproj", "{2B2611E0-5E39-481C-8848-E2BAD5BF9973}"
EndProject
Project("{FAE04EC0-301F-11D3-BF4B-00C04F79EFBC}") = "Contact.Tests", "Services\Contact\Contact.Tests\Contact.Tests.csproj", "{514E569E-A5F5-4D70-BC5F-80EAFF42FBCA}"
EndProject
Project("{FAE04EC0-301F-11D3-BF4B-00C04F79EFBC}") = "Person.Tests", "Services\Person\Person.Tests\Person.Tests.csproj", "{E6E9E57D-1540-4477-8748-8A7A5448DA71}"
EndProject
Project("{FAE04EC0-301F-11D3-BF4B-00C04F79EFBC}") = "Company.Tests", "Services\Company\Company.Tests\Company.Tests.csproj", "{B7EDC700-6762-431C-8ABB-7D09F6F86994}"
EndProject
Project("{FAE04EC0-301F-11D3-BF4B-00C04F79EFBC}") = "Report.Tests", "Services\Report\Report.Tests\Report.Tests.csproj", "{1AE2F335-C3B9-4EF5-A8FF-2CB154E5468D}"
EndProject
Global
	GlobalSection(SolutionConfigurationPlatforms) = preSolution
		Debug|Any CPU = Debug|Any CPU
		Release|Any CPU = Release|Any CPU
	EndGlobalSection
	GlobalSection(NestedProjects) = preSolution
		{4E67E729-6FE7-422B-8976-81E0EE571A23} = {F360331A-1732-49F7-86F7-CE4571E2766E}
		{DD5CD7A8-E7C7-4C54-AA9A-DB8B11A004F4} = {F360331A-1732-49F7-86F7-CE4571E2766E}
		{ED53C001-D8D3-413E-8507-BDB5BEFFADAE} = {F360331A-1732-49F7-86F7-CE4571E2766E}
		{BB52846E-D71A-413A-9C75-D81DF5A95CB3} = {4E67E729-6FE7-422B-8976-81E0EE571A23}
		{4D3FD046-84CE-43D0-8D60-49C3EB084919} = {DD5CD7A8-E7C7-4C54-AA9A-DB8B11A004F4}
		{4FFB2462-B808-4791-93BE-0F6CA474AF47} = {ED53C001-D8D3-413E-8507-BDB5BEFFADAE}
		{30C54DB8-F4C2-4458-8D85-CFFECD91E47E} = {ED53C001-D8D3-413E-8507-BDB5BEFFADAE}
		{775BCCA5-3ED4-445D-8D6E-3F6057014D6C} = {DD5CD7A8-E7C7-4C54-AA9A-DB8B11A004F4}
		{CC58F088-EDED-435F-85E5-E09DD5B8DF48} = {4E67E729-6FE7-422B-8976-81E0EE571A23}
		{3D0C95EB-18C1-40DA-AE5F-F40041CBE76F} = {DD5CD7A8-E7C7-4C54-AA9A-DB8B11A004F4}
		{03C60626-AE0A-46B3-8B73-104A6EB34A4E} = {4E67E729-6FE7-422B-8976-81E0EE571A23}
		{96A7A497-4221-4D56-B913-4306814E1679} = {ED53C001-D8D3-413E-8507-BDB5BEFFADAE}
		{1DEDF1C8-2C87-479A-92B0-030C1F16ACA4} = {F360331A-1732-49F7-86F7-CE4571E2766E}
		{DF98E797-A79A-4654-A720-B48913C344E3} = {1DEDF1C8-2C87-479A-92B0-030C1F16ACA4}
		{0AD8A26E-2D66-4842-9E28-B291BB049224} = {1DEDF1C8-2C87-479A-92B0-030C1F16ACA4}
		{64A94D13-20F0-4C3C-A55D-58BDFC3A0C41} = {1DEDF1C8-2C87-479A-92B0-030C1F16ACA4}
		{563127A1-D66D-4C5E-87ED-7FBD764D00A5} = {ED53C001-D8D3-413E-8507-BDB5BEFFADAE}
		{A8CB3B45-83A3-4650-999B-954A007B2834} = {4E67E729-6FE7-422B-8976-81E0EE571A23}
		{B2203BFD-519F-44CB-A6ED-5850C76DA095} = {DD5CD7A8-E7C7-4C54-AA9A-DB8B11A004F4}
		{2B26223D-5B7A-4954-91DF-B5188B7D66CD} = {1DEDF1C8-2C87-479A-92B0-030C1F16ACA4}
		{91A07804-494E-4B81-870E-2F9426E2458D} = {F023E449-F519-4BE1-AAB1-D0BF39DE43AB}
		{51FE7B65-5BDA-4517-B315-7BF38FEB1661} = {1DEDF1C8-2C87-479A-92B0-030C1F16ACA4}
		{2B2611E0-5E39-481C-8848-E2BAD5BF9973} = {DD5CD7A8-E7C7-4C54-AA9A-DB8B11A004F4}
		{514E569E-A5F5-4D70-BC5F-80EAFF42FBCA} = {DD5CD7A8-E7C7-4C54-AA9A-DB8B11A004F4}
		{E6E9E57D-1540-4477-8748-8A7A5448DA71} = {4E67E729-6FE7-422B-8976-81E0EE571A23}
		{B7EDC700-6762-431C-8ABB-7D09F6F86994} = {ED53C001-D8D3-413E-8507-BDB5BEFFADAE}
		{1AE2F335-C3B9-4EF5-A8FF-2CB154E5468D} = {1DEDF1C8-2C87-479A-92B0-030C1F16ACA4}
	EndGlobalSection
	GlobalSection(ProjectConfigurationPlatforms) = postSolution
		{BB52846E-D71A-413A-9C75-D81DF5A95CB3}.Debug|Any CPU.ActiveCfg = Debug|Any CPU
		{BB52846E-D71A-413A-9C75-D81DF5A95CB3}.Debug|Any CPU.Build.0 = Debug|Any CPU
		{BB52846E-D71A-413A-9C75-D81DF5A95CB3}.Release|Any CPU.ActiveCfg = Release|Any CPU
		{BB52846E-D71A-413A-9C75-D81DF5A95CB3}.Release|Any CPU.Build.0 = Release|Any CPU
		{4D3FD046-84CE-43D0-8D60-49C3EB084919}.Debug|Any CPU.ActiveCfg = Debug|Any CPU
		{4D3FD046-84CE-43D0-8D60-49C3EB084919}.Debug|Any CPU.Build.0 = Debug|Any CPU
		{4D3FD046-84CE-43D0-8D60-49C3EB084919}.Release|Any CPU.ActiveCfg = Release|Any CPU
		{4D3FD046-84CE-43D0-8D60-49C3EB084919}.Release|Any CPU.Build.0 = Release|Any CPU
		{4FFB2462-B808-4791-93BE-0F6CA474AF47}.Debug|Any CPU.ActiveCfg = Debug|Any CPU
		{4FFB2462-B808-4791-93BE-0F6CA474AF47}.Debug|Any CPU.Build.0 = Debug|Any CPU
		{4FFB2462-B808-4791-93BE-0F6CA474AF47}.Release|Any CPU.ActiveCfg = Release|Any CPU
		{4FFB2462-B808-4791-93BE-0F6CA474AF47}.Release|Any CPU.Build.0 = Release|Any CPU
		{A2CC2C52-DB0E-42B7-A773-58026F2636BD}.Debug|Any CPU.ActiveCfg = Debug|Any CPU
		{A2CC2C52-DB0E-42B7-A773-58026F2636BD}.Debug|Any CPU.Build.0 = Debug|Any CPU
		{A2CC2C52-DB0E-42B7-A773-58026F2636BD}.Release|Any CPU.ActiveCfg = Release|Any CPU
		{A2CC2C52-DB0E-42B7-A773-58026F2636BD}.Release|Any CPU.Build.0 = Release|Any CPU
		{30C54DB8-F4C2-4458-8D85-CFFECD91E47E}.Debug|Any CPU.ActiveCfg = Debug|Any CPU
		{30C54DB8-F4C2-4458-8D85-CFFECD91E47E}.Debug|Any CPU.Build.0 = Debug|Any CPU
		{30C54DB8-F4C2-4458-8D85-CFFECD91E47E}.Release|Any CPU.ActiveCfg = Release|Any CPU
		{30C54DB8-F4C2-4458-8D85-CFFECD91E47E}.Release|Any CPU.Build.0 = Release|Any CPU
		{775BCCA5-3ED4-445D-8D6E-3F6057014D6C}.Debug|Any CPU.ActiveCfg = Debug|Any CPU
		{775BCCA5-3ED4-445D-8D6E-3F6057014D6C}.Debug|Any CPU.Build.0 = Debug|Any CPU
		{775BCCA5-3ED4-445D-8D6E-3F6057014D6C}.Release|Any CPU.ActiveCfg = Release|Any CPU
		{775BCCA5-3ED4-445D-8D6E-3F6057014D6C}.Release|Any CPU.Build.0 = Release|Any CPU
		{CC58F088-EDED-435F-85E5-E09DD5B8DF48}.Debug|Any CPU.ActiveCfg = Debug|Any CPU
		{CC58F088-EDED-435F-85E5-E09DD5B8DF48}.Debug|Any CPU.Build.0 = Debug|Any CPU
		{CC58F088-EDED-435F-85E5-E09DD5B8DF48}.Release|Any CPU.ActiveCfg = Release|Any CPU
		{CC58F088-EDED-435F-85E5-E09DD5B8DF48}.Release|Any CPU.Build.0 = Release|Any CPU
		{61E7FF53-765C-47B8-9A72-54D6935E585C}.Debug|Any CPU.ActiveCfg = Debug|Any CPU
		{61E7FF53-765C-47B8-9A72-54D6935E585C}.Debug|Any CPU.Build.0 = Debug|Any CPU
		{61E7FF53-765C-47B8-9A72-54D6935E585C}.Release|Any CPU.ActiveCfg = Release|Any CPU
		{61E7FF53-765C-47B8-9A72-54D6935E585C}.Release|Any CPU.Build.0 = Release|Any CPU
		{3D0C95EB-18C1-40DA-AE5F-F40041CBE76F}.Debug|Any CPU.ActiveCfg = Debug|Any CPU
		{3D0C95EB-18C1-40DA-AE5F-F40041CBE76F}.Debug|Any CPU.Build.0 = Debug|Any CPU
		{3D0C95EB-18C1-40DA-AE5F-F40041CBE76F}.Release|Any CPU.ActiveCfg = Release|Any CPU
		{3D0C95EB-18C1-40DA-AE5F-F40041CBE76F}.Release|Any CPU.Build.0 = Release|Any CPU
		{03C60626-AE0A-46B3-8B73-104A6EB34A4E}.Debug|Any CPU.ActiveCfg = Debug|Any CPU
		{03C60626-AE0A-46B3-8B73-104A6EB34A4E}.Debug|Any CPU.Build.0 = Debug|Any CPU
		{03C60626-AE0A-46B3-8B73-104A6EB34A4E}.Release|Any CPU.ActiveCfg = Release|Any CPU
		{03C60626-AE0A-46B3-8B73-104A6EB34A4E}.Release|Any CPU.Build.0 = Release|Any CPU
		{96A7A497-4221-4D56-B913-4306814E1679}.Debug|Any CPU.ActiveCfg = Debug|Any CPU
		{96A7A497-4221-4D56-B913-4306814E1679}.Debug|Any CPU.Build.0 = Debug|Any CPU
		{96A7A497-4221-4D56-B913-4306814E1679}.Release|Any CPU.ActiveCfg = Release|Any CPU
		{96A7A497-4221-4D56-B913-4306814E1679}.Release|Any CPU.Build.0 = Release|Any CPU
		{DF98E797-A79A-4654-A720-B48913C344E3}.Debug|Any CPU.ActiveCfg = Debug|Any CPU
		{DF98E797-A79A-4654-A720-B48913C344E3}.Debug|Any CPU.Build.0 = Debug|Any CPU
		{DF98E797-A79A-4654-A720-B48913C344E3}.Release|Any CPU.ActiveCfg = Release|Any CPU
		{DF98E797-A79A-4654-A720-B48913C344E3}.Release|Any CPU.Build.0 = Release|Any CPU
		{0AD8A26E-2D66-4842-9E28-B291BB049224}.Debug|Any CPU.ActiveCfg = Debug|Any CPU
		{0AD8A26E-2D66-4842-9E28-B291BB049224}.Debug|Any CPU.Build.0 = Debug|Any CPU
		{0AD8A26E-2D66-4842-9E28-B291BB049224}.Release|Any CPU.ActiveCfg = Release|Any CPU
		{0AD8A26E-2D66-4842-9E28-B291BB049224}.Release|Any CPU.Build.0 = Release|Any CPU
		{64A94D13-20F0-4C3C-A55D-58BDFC3A0C41}.Debug|Any CPU.ActiveCfg = Debug|Any CPU
		{64A94D13-20F0-4C3C-A55D-58BDFC3A0C41}.Debug|Any CPU.Build.0 = Debug|Any CPU
		{64A94D13-20F0-4C3C-A55D-58BDFC3A0C41}.Release|Any CPU.ActiveCfg = Release|Any CPU
		{64A94D13-20F0-4C3C-A55D-58BDFC3A0C41}.Release|Any CPU.Build.0 = Release|Any CPU
		{563127A1-D66D-4C5E-87ED-7FBD764D00A5}.Debug|Any CPU.ActiveCfg = Debug|Any CPU
		{563127A1-D66D-4C5E-87ED-7FBD764D00A5}.Debug|Any CPU.Build.0 = Debug|Any CPU
		{563127A1-D66D-4C5E-87ED-7FBD764D00A5}.Release|Any CPU.ActiveCfg = Release|Any CPU
		{563127A1-D66D-4C5E-87ED-7FBD764D00A5}.Release|Any CPU.Build.0 = Release|Any CPU
		{A8CB3B45-83A3-4650-999B-954A007B2834}.Debug|Any CPU.ActiveCfg = Debug|Any CPU
		{A8CB3B45-83A3-4650-999B-954A007B2834}.Debug|Any CPU.Build.0 = Debug|Any CPU
		{A8CB3B45-83A3-4650-999B-954A007B2834}.Release|Any CPU.ActiveCfg = Release|Any CPU
		{A8CB3B45-83A3-4650-999B-954A007B2834}.Release|Any CPU.Build.0 = Release|Any CPU
		{B2203BFD-519F-44CB-A6ED-5850C76DA095}.Debug|Any CPU.ActiveCfg = Debug|Any CPU
		{B2203BFD-519F-44CB-A6ED-5850C76DA095}.Debug|Any CPU.Build.0 = Debug|Any CPU
		{B2203BFD-519F-44CB-A6ED-5850C76DA095}.Release|Any CPU.ActiveCfg = Release|Any CPU
		{B2203BFD-519F-44CB-A6ED-5850C76DA095}.Release|Any CPU.Build.0 = Release|Any CPU
		{2B26223D-5B7A-4954-91DF-B5188B7D66CD}.Debug|Any CPU.ActiveCfg = Debug|Any CPU
		{2B26223D-5B7A-4954-91DF-B5188B7D66CD}.Debug|Any CPU.Build.0 = Debug|Any CPU
		{2B26223D-5B7A-4954-91DF-B5188B7D66CD}.Release|Any CPU.ActiveCfg = Release|Any CPU
		{2B26223D-5B7A-4954-91DF-B5188B7D66CD}.Release|Any CPU.Build.0 = Release|Any CPU
		{91A07804-494E-4B81-870E-2F9426E2458D}.Debug|Any CPU.ActiveCfg = Debug|Any CPU
		{91A07804-494E-4B81-870E-2F9426E2458D}.Debug|Any CPU.Build.0 = Debug|Any CPU
		{91A07804-494E-4B81-870E-2F9426E2458D}.Release|Any CPU.ActiveCfg = Release|Any CPU
		{91A07804-494E-4B81-870E-2F9426E2458D}.Release|Any CPU.Build.0 = Release|Any CPU
		{51FE7B65-5BDA-4517-B315-7BF38FEB1661}.Debug|Any CPU.ActiveCfg = Debug|Any CPU
		{51FE7B65-5BDA-4517-B315-7BF38FEB1661}.Debug|Any CPU.Build.0 = Debug|Any CPU
		{51FE7B65-5BDA-4517-B315-7BF38FEB1661}.Release|Any CPU.ActiveCfg = Release|Any CPU
		{51FE7B65-5BDA-4517-B315-7BF38FEB1661}.Release|Any CPU.Build.0 = Release|Any CPU
		{2B2611E0-5E39-481C-8848-E2BAD5BF9973}.Debug|Any CPU.ActiveCfg = Debug|Any CPU
		{2B2611E0-5E39-481C-8848-E2BAD5BF9973}.Debug|Any CPU.Build.0 = Debug|Any CPU
		{2B2611E0-5E39-481C-8848-E2BAD5BF9973}.Release|Any CPU.ActiveCfg = Release|Any CPU
		{2B2611E0-5E39-481C-8848-E2BAD5BF9973}.Release|Any CPU.Build.0 = Release|Any CPU
		{514E569E-A5F5-4D70-BC5F-80EAFF42FBCA}.Debug|Any CPU.ActiveCfg = Debug|Any CPU
		{514E569E-A5F5-4D70-BC5F-80EAFF42FBCA}.Debug|Any CPU.Build.0 = Debug|Any CPU
		{514E569E-A5F5-4D70-BC5F-80EAFF42FBCA}.Release|Any CPU.ActiveCfg = Release|Any CPU
		{514E569E-A5F5-4D70-BC5F-80EAFF42FBCA}.Release|Any CPU.Build.0 = Release|Any CPU
		{E6E9E57D-1540-4477-8748-8A7A5448DA71}.Debug|Any CPU.ActiveCfg = Debug|Any CPU
		{E6E9E57D-1540-4477-8748-8A7A5448DA71}.Debug|Any CPU.Build.0 = Debug|Any CPU
		{E6E9E57D-1540-4477-8748-8A7A5448DA71}.Release|Any CPU.ActiveCfg = Release|Any CPU
		{E6E9E57D-1540-4477-8748-8A7A5448DA71}.Release|Any CPU.Build.0 = Release|Any CPU
		{B7EDC700-6762-431C-8ABB-7D09F6F86994}.Debug|Any CPU.ActiveCfg = Debug|Any CPU
		{B7EDC700-6762-431C-8ABB-7D09F6F86994}.Debug|Any CPU.Build.0 = Debug|Any CPU
		{B7EDC700-6762-431C-8ABB-7D09F6F86994}.Release|Any CPU.ActiveCfg = Release|Any CPU
		{B7EDC700-6762-431C-8ABB-7D09F6F86994}.Release|Any CPU.Build.0 = Release|Any CPU
		{1AE2F335-C3B9-4EF5-A8FF-2CB154E5468D}.Debug|Any CPU.ActiveCfg = Debug|Any CPU
		{1AE2F335-C3B9-4EF5-A8FF-2CB154E5468D}.Debug|Any CPU.Build.0 = Debug|Any CPU
		{1AE2F335-C3B9-4EF5-A8FF-2CB154E5468D}.Release|Any CPU.ActiveCfg = Release|Any CPU
		{1AE2F335-C3B9-4EF5-A8FF-2CB154E5468D}.Release|Any CPU.Build.0 = Release|Any CPU
	EndGlobalSection
EndGlobal
